// !$*UTF8*$!
{
	archiveVersion = 1;
	classes = {
	};
	objectVersion = 46;
	objects = {

/* Begin PBXBuildFile section */
		14D93C7A1B7D68F6007849DB /* AppDelegate.swift in Sources */ = {isa = PBXBuildFile; fileRef = 14D93C791B7D68F6007849DB /* AppDelegate.swift */; };
		14D93C7C1B7D68F6007849DB /* ViewController.swift in Sources */ = {isa = PBXBuildFile; fileRef = 14D93C7B1B7D68F6007849DB /* ViewController.swift */; };
		14D93C7F1B7D68F6007849DB /* Main.storyboard in Resources */ = {isa = PBXBuildFile; fileRef = 14D93C7D1B7D68F6007849DB /* Main.storyboard */; };
		14D93C811B7D68F6007849DB /* Images.xcassets in Resources */ = {isa = PBXBuildFile; fileRef = 14D93C801B7D68F6007849DB /* Images.xcassets */; };
		14D93C841B7D68F6007849DB /* LaunchScreen.xib in Resources */ = {isa = PBXBuildFile; fileRef = 14D93C821B7D68F6007849DB /* LaunchScreen.xib */; };
		14D93C901B7D68F6007849DB /* SwiftRealmSampleTests.swift in Sources */ = {isa = PBXBuildFile; fileRef = 14D93C8F1B7D68F6007849DB /* SwiftRealmSampleTests.swift */; };
		14D93C9A1B7D6AB8007849DB /* User.swift in Sources */ = {isa = PBXBuildFile; fileRef = 14D93C991B7D6AB8007849DB /* User.swift */; };
		CDA13B9AD5D8FB60B5B8292A /* Pods.framework in Frameworks */ = {isa = PBXBuildFile; fileRef = 6CC5B78F260DD8D0DF8667B4 /* Pods.framework */; settings = {ATTRIBUTES = (Weak, ); }; };
/* End PBXBuildFile section */

/* Begin PBXContainerItemProxy section */
		14D93C8A1B7D68F6007849DB /* PBXContainerItemProxy */ = {
			isa = PBXContainerItemProxy;
			containerPortal = 14D93C6C1B7D68F6007849DB /* Project object */;
			proxyType = 1;
			remoteGlobalIDString = 14D93C731B7D68F6007849DB;
			remoteInfo = SwiftRealmSample;
		};
/* End PBXContainerItemProxy section */

/* Begin PBXFileReference section */
		14D93C741B7D68F6007849DB /* SwiftRealmSample.app */ = {isa = PBXFileReference; explicitFileType = wrapper.application; includeInIndex = 0; path = SwiftRealmSample.app; sourceTree = BUILT_PRODUCTS_DIR; };
		14D93C781B7D68F6007849DB /* Info.plist */ = {isa = PBXFileReference; lastKnownFileType = text.plist.xml; path = Info.plist; sourceTree = "<group>"; };
		14D93C791B7D68F6007849DB /* AppDelegate.swift */ = {isa = PBXFileReference; lastKnownFileType = sourcecode.swift; path = AppDelegate.swift; sourceTree = "<group>"; };
		14D93C7B1B7D68F6007849DB /* ViewController.swift */ = {isa = PBXFileReference; lastKnownFileType = sourcecode.swift; path = ViewController.swift; sourceTree = "<group>"; };
		14D93C7E1B7D68F6007849DB /* Base */ = {isa = PBXFileReference; lastKnownFileType = file.storyboard; name = Base; path = Base.lproj/Main.storyboard; sourceTree = "<group>"; };
		14D93C801B7D68F6007849DB /* Images.xcassets */ = {isa = PBXFileReference; lastKnownFileType = folder.assetcatalog; path = Images.xcassets; sourceTree = "<group>"; };
		14D93C831B7D68F6007849DB /* Base */ = {isa = PBXFileReference; lastKnownFileType = file.xib; name = Base; path = Base.lproj/LaunchScreen.xib; sourceTree = "<group>"; };
		14D93C891B7D68F6007849DB /* SwiftRealmSampleTests.xctest */ = {isa = PBXFileReference; explicitFileType = wrapper.cfbundle; includeInIndex = 0; path = SwiftRealmSampleTests.xctest; sourceTree = BUILT_PRODUCTS_DIR; };
		14D93C8E1B7D68F6007849DB /* Info.plist */ = {isa = PBXFileReference; lastKnownFileType = text.plist.xml; path = Info.plist; sourceTree = "<group>"; };
		14D93C8F1B7D68F6007849DB /* SwiftRealmSampleTests.swift */ = {isa = PBXFileReference; lastKnownFileType = sourcecode.swift; path = SwiftRealmSampleTests.swift; sourceTree = "<group>"; };
		14D93C991B7D6AB8007849DB /* User.swift */ = {isa = PBXFileReference; fileEncoding = 4; lastKnownFileType = sourcecode.swift; path = User.swift; sourceTree = "<group>"; };
		479140A30CBE97A5D163CE10 /* Pods.debug.xcconfig */ = {isa = PBXFileReference; includeInIndex = 1; lastKnownFileType = text.xcconfig; name = Pods.debug.xcconfig; path = "Pods/Target Support Files/Pods/Pods.debug.xcconfig"; sourceTree = "<group>"; };
		6CC5B78F260DD8D0DF8667B4 /* Pods.framework */ = {isa = PBXFileReference; explicitFileType = wrapper.framework; includeInIndex = 0; path = Pods.framework; sourceTree = BUILT_PRODUCTS_DIR; };
		7652B660E0E0AFF67A2CF97F /* Pods.release.xcconfig */ = {isa = PBXFileReference; includeInIndex = 1; lastKnownFileType = text.xcconfig; name = Pods.release.xcconfig; path = "Pods/Target Support Files/Pods/Pods.release.xcconfig"; sourceTree = "<group>"; };
/* End PBXFileReference section */

/* Begin PBXFrameworksBuildPhase section */
		14D93C711B7D68F6007849DB /* Frameworks */ = {
			isa = PBXFrameworksBuildPhase;
			buildActionMask = 2147483647;
			files = (
				CDA13B9AD5D8FB60B5B8292A /* Pods.framework in Frameworks */,
			);
			runOnlyForDeploymentPostprocessing = 0;
		};
		14D93C861B7D68F6007849DB /* Frameworks */ = {
			isa = PBXFrameworksBuildPhase;
			buildActionMask = 2147483647;
			files = (
			);
			runOnlyForDeploymentPostprocessing = 0;
		};
/* End PBXFrameworksBuildPhase section */

/* Begin PBXGroup section */
		14D93C6B1B7D68F6007849DB = {
			isa = PBXGroup;
			children = (
				14D93C761B7D68F6007849DB /* SwiftRealmSample */,
				14D93C8C1B7D68F6007849DB /* SwiftRealmSampleTests */,
				14D93C751B7D68F6007849DB /* Products */,
				9FA95BC4D5B95C35BEEF9BCD /* Frameworks */,
				1890E61266638A15772EEAB3 /* Pods */,
			);
			sourceTree = "<group>";
		};
		14D93C751B7D68F6007849DB /* Products */ = {
			isa = PBXGroup;
			children = (
				14D93C741B7D68F6007849DB /* SwiftRealmSample.app */,
				14D93C891B7D68F6007849DB /* SwiftRealmSampleTests.xctest */,
			);
			name = Products;
			sourceTree = "<group>";
		};
		14D93C761B7D68F6007849DB /* SwiftRealmSample */ = {
			isa = PBXGroup;
			children = (
				14D93C791B7D68F6007849DB /* AppDelegate.swift */,
				14D93C7B1B7D68F6007849DB /* ViewController.swift */,
				14D93C991B7D6AB8007849DB /* User.swift */,
				14D93C7D1B7D68F6007849DB /* Main.storyboard */,
				14D93C801B7D68F6007849DB /* Images.xcassets */,
				14D93C821B7D68F6007849DB /* LaunchScreen.xib */,
				14D93C771B7D68F6007849DB /* Supporting Files */,
			);
			path = SwiftRealmSample;
			sourceTree = "<group>";
		};
		14D93C771B7D68F6007849DB /* Supporting Files */ = {
			isa = PBXGroup;
			children = (
				14D93C781B7D68F6007849DB /* Info.plist */,
			);
			name = "Supporting Files";
			sourceTree = "<group>";
		};
		14D93C8C1B7D68F6007849DB /* SwiftRealmSampleTests */ = {
			isa = PBXGroup;
			children = (
				14D93C8F1B7D68F6007849DB /* SwiftRealmSampleTests.swift */,
				14D93C8D1B7D68F6007849DB /* Supporting Files */,
			);
			path = SwiftRealmSampleTests;
			sourceTree = "<group>";
		};
		14D93C8D1B7D68F6007849DB /* Supporting Files */ = {
			isa = PBXGroup;
			children = (
				14D93C8E1B7D68F6007849DB /* Info.plist */,
			);
			name = "Supporting Files";
			sourceTree = "<group>";
		};
		1890E61266638A15772EEAB3 /* Pods */ = {
			isa = PBXGroup;
			children = (
				479140A30CBE97A5D163CE10 /* Pods.debug.xcconfig */,
				7652B660E0E0AFF67A2CF97F /* Pods.release.xcconfig */,
			);
			name = Pods;
			sourceTree = "<group>";
		};
		9FA95BC4D5B95C35BEEF9BCD /* Frameworks */ = {
			isa = PBXGroup;
			children = (
				6CC5B78F260DD8D0DF8667B4 /* Pods.framework */,
			);
			name = Frameworks;
			sourceTree = "<group>";
		};
/* End PBXGroup section */

/* Begin PBXNativeTarget section */
		14D93C731B7D68F6007849DB /* SwiftRealmSample */ = {
			isa = PBXNativeTarget;
			buildConfigurationList = 14D93C931B7D68F6007849DB /* Build configuration list for PBXNativeTarget "SwiftRealmSample" */;
			buildPhases = (
				51967D9CDC743B842DDBC719 /* Check Pods Manifest.lock */,
				14D93C701B7D68F6007849DB /* Sources */,
				14D93C711B7D68F6007849DB /* Frameworks */,
				14D93C721B7D68F6007849DB /* Resources */,
				29CB5CA863A3B41780593901 /* Embed Pods Frameworks */,
				4E7A89E2CA0C002FB460EC07 /* Copy Pods Resources */,
			);
			buildRules = (
			);
			dependencies = (
			);
			name = SwiftRealmSample;
			productName = SwiftRealmSample;
			productReference = 14D93C741B7D68F6007849DB /* SwiftRealmSample.app */;
			productType = "com.apple.product-type.application";
		};
		14D93C881B7D68F6007849DB /* SwiftRealmSampleTests */ = {
			isa = PBXNativeTarget;
			buildConfigurationList = 14D93C961B7D68F6007849DB /* Build configuration list for PBXNativeTarget "SwiftRealmSampleTests" */;
			buildPhases = (
				14D93C851B7D68F6007849DB /* Sources */,
				14D93C861B7D68F6007849DB /* Frameworks */,
				14D93C871B7D68F6007849DB /* Resources */,
			);
			buildRules = (
			);
			dependencies = (
				14D93C8B1B7D68F6007849DB /* PBXTargetDependency */,
			);
			name = SwiftRealmSampleTests;
			productName = SwiftRealmSampleTests;
			productReference = 14D93C891B7D68F6007849DB /* SwiftRealmSampleTests.xctest */;
			productType = "com.apple.product-type.bundle.unit-test";
		};
/* End PBXNativeTarget section */

/* Begin PBXProject section */
		14D93C6C1B7D68F6007849DB /* Project object */ = {
			isa = PBXProject;
			attributes = {
				LastSwiftUpdateCheck = 0700;
				LastUpgradeCheck = 0640;
				ORGANIZATIONNAME = takeshi;
				TargetAttributes = {
					14D93C731B7D68F6007849DB = {
						CreatedOnToolsVersion = 6.4;
					};
					14D93C881B7D68F6007849DB = {
						CreatedOnToolsVersion = 6.4;
						TestTargetID = 14D93C731B7D68F6007849DB;
					};
				};
			};
			buildConfigurationList = 14D93C6F1B7D68F6007849DB /* Build configuration list for PBXProject "SwiftRealmSample" */;
			compatibilityVersion = "Xcode 3.2";
			developmentRegion = English;
			hasScannedForEncodings = 0;
			knownRegions = (
				en,
				Base,
			);
			mainGroup = 14D93C6B1B7D68F6007849DB;
			productRefGroup = 14D93C751B7D68F6007849DB /* Products */;
			projectDirPath = "";
			projectRoot = "";
			targets = (
				14D93C731B7D68F6007849DB /* SwiftRealmSample */,
				14D93C881B7D68F6007849DB /* SwiftRealmSampleTests */,
			);
		};
/* End PBXProject section */

/* Begin PBXResourcesBuildPhase section */
		14D93C721B7D68F6007849DB /* Resources */ = {
			isa = PBXResourcesBuildPhase;
			buildActionMask = 2147483647;
			files = (
				14D93C7F1B7D68F6007849DB /* Main.storyboard in Resources */,
				14D93C841B7D68F6007849DB /* LaunchScreen.xib in Resources */,
				14D93C811B7D68F6007849DB /* Images.xcassets in Resources */,
			);
			runOnlyForDeploymentPostprocessing = 0;
		};
		14D93C871B7D68F6007849DB /* Resources */ = {
			isa = PBXResourcesBuildPhase;
			buildActionMask = 2147483647;
			files = (
			);
			runOnlyForDeploymentPostprocessing = 0;
		};
/* End PBXResourcesBuildPhase section */

/* Begin PBXShellScriptBuildPhase section */
		29CB5CA863A3B41780593901 /* Embed Pods Frameworks */ = {
			isa = PBXShellScriptBuildPhase;
			buildActionMask = 2147483647;
			files = (
			);
			inputPaths = (
			);
			name = "Embed Pods Frameworks";
			outputPaths = (
			);
			runOnlyForDeploymentPostprocessing = 0;
			shellPath = /bin/sh;
			shellScript = "\"${SRCROOT}/Pods/Target Support Files/Pods/Pods-frameworks.sh\"\n";
			showEnvVarsInLog = 0;
		};
		4E7A89E2CA0C002FB460EC07 /* Copy Pods Resources */ = {
			isa = PBXShellScriptBuildPhase;
			buildActionMask = 2147483647;
			files = (
			);
			inputPaths = (
			);
			name = "Copy Pods Resources";
			outputPaths = (
			);
			runOnlyForDeploymentPostprocessing = 0;
			shellPath = /bin/sh;
			shellScript = "\"${SRCROOT}/Pods/Target Support Files/Pods/Pods-resources.sh\"\n";
			showEnvVarsInLog = 0;
		};
		51967D9CDC743B842DDBC719 /* Check Pods Manifest.lock */ = {
			isa = PBXShellScriptBuildPhase;
			buildActionMask = 2147483647;
			files = (
			);
			inputPaths = (
			);
			name = "Check Pods Manifest.lock";
			outputPaths = (
			);
			runOnlyForDeploymentPostprocessing = 0;
			shellPath = /bin/sh;
			shellScript = "diff \"${PODS_ROOT}/../Podfile.lock\" \"${PODS_ROOT}/Manifest.lock\" > /dev/null\nif [[ $? != 0 ]] ; then\n    cat << EOM\nerror: The sandbox is not in sync with the Podfile.lock. Run 'pod install' or update your CocoaPods installation.\nEOM\n    exit 1\nfi\n";
			showEnvVarsInLog = 0;
		};
/* End PBXShellScriptBuildPhase section */

/* Begin PBXSourcesBuildPhase section */
		14D93C701B7D68F6007849DB /* Sources */ = {
			isa = PBXSourcesBuildPhase;
			buildActionMask = 2147483647;
			files = (
				14D93C7C1B7D68F6007849DB /* ViewController.swift in Sources */,
				14D93C7A1B7D68F6007849DB /* AppDelegate.swift in Sources */,
				14D93C9A1B7D6AB8007849DB /* User.swift in Sources */,
			);
			runOnlyForDeploymentPostprocessing = 0;
		};
		14D93C851B7D68F6007849DB /* Sources */ = {
			isa = PBXSourcesBuildPhase;
			buildActionMask = 2147483647;
			files = (
				14D93C901B7D68F6007849DB /* SwiftRealmSampleTests.swift in Sources */,
			);
			runOnlyForDeploymentPostprocessing = 0;
		};
/* End PBXSourcesBuildPhase section */

/* Begin PBXTargetDependency section */
		14D93C8B1B7D68F6007849DB /* PBXTargetDependency */ = {
			isa = PBXTargetDependency;
			target = 14D93C731B7D68F6007849DB /* SwiftRealmSample */;
			targetProxy = 14D93C8A1B7D68F6007849DB /* PBXContainerItemProxy */;
		};
/* End PBXTargetDependency section */

/* Begin PBXVariantGroup section */
		14D93C7D1B7D68F6007849DB /* Main.storyboard */ = {
			isa = PBXVariantGroup;
			children = (
				14D93C7E1B7D68F6007849DB /* Base */,
			);
			name = Main.storyboard;
			sourceTree = "<group>";
		};
		14D93C821B7D68F6007849DB /* LaunchScreen.xib */ = {
			isa = PBXVariantGroup;
			children = (
				14D93C831B7D68F6007849DB /* Base */,
			);
			name = LaunchScreen.xib;
			sourceTree = "<group>";
		};
/* End PBXVariantGroup section */

/* Begin XCBuildConfiguration section */
		14D93C911B7D68F6007849DB /* Debug */ = {
			isa = XCBuildConfiguration;
			buildSettings = {
				ALWAYS_SEARCH_USER_PATHS = NO;
				CLANG_CXX_LANGUAGE_STANDARD = "gnu++0x";
				CLANG_CXX_LIBRARY = "libc++";
				CLANG_ENABLE_MODULES = YES;
				CLANG_ENABLE_OBJC_ARC = YES;
				CLANG_WARN_BOOL_CONVERSION = YES;
				CLANG_WARN_CONSTANT_CONVERSION = YES;
				CLANG_WARN_DIRECT_OBJC_ISA_USAGE = YES_ERROR;
				CLANG_WARN_EMPTY_BODY = YES;
				CLANG_WARN_ENUM_CONVERSION = YES;
				CLANG_WARN_INT_CONVERSION = YES;
				CLANG_WARN_OBJC_ROOT_CLASS = YES_ERROR;
				CLANG_WARN_UNREACHABLE_CODE = YES;
				CLANG_WARN__DUPLICATE_METHOD_MATCH = YES;
				"CODE_SIGN_IDENTITY[sdk=iphoneos*]" = "iPhone Developer";
				COPY_PHASE_STRIP = NO;
				DEBUG_INFORMATION_FORMAT = "dwarf-with-dsym";
				ENABLE_STRICT_OBJC_MSGSEND = YES;
				GCC_C_LANGUAGE_STANDARD = gnu99;
				GCC_DYNAMIC_NO_PIC = NO;
				GCC_NO_COMMON_BLOCKS = YES;
				GCC_OPTIMIZATION_LEVEL = 0;
				GCC_PREPROCESSOR_DEFINITIONS = (
					"DEBUG=1",
					"$(inherited)",
				);
				GCC_SYMBOLS_PRIVATE_EXTERN = NO;
				GCC_WARN_64_TO_32_BIT_CONVERSION = YES;
				GCC_WARN_ABOUT_RETURN_TYPE = YES_ERROR;
				GCC_WARN_UNDECLARED_SELECTOR = YES;
				GCC_WARN_UNINITIALIZED_AUTOS = YES_AGGRESSIVE;
				GCC_WARN_UNUSED_FUNCTION = YES;
				GCC_WARN_UNUSED_VARIABLE = YES;
				IPHONEOS_DEPLOYMENT_TARGET = 8.4;
				MTL_ENABLE_DEBUG_INFO = YES;
				ONLY_ACTIVE_ARCH = YES;
				SDKROOT = iphoneos;
				SWIFT_OPTIMIZATION_LEVEL = "-Onone";
			};
			name = Debug;
		};
		14D93C921B7D68F6007849DB /* Release */ = {
			isa = XCBuildConfiguration;
			buildSettings = {
				ALWAYS_SEARCH_USER_PATHS = NO;
				CLANG_CXX_LANGUAGE_STANDARD = "gnu++0x";
				CLANG_CXX_LIBRARY = "libc++";
				CLANG_ENABLE_MODULES = YES;
				CLANG_ENABLE_OBJC_ARC = YES;
				CLANG_WARN_BOOL_CONVERSION = YES;
				CLANG_WARN_CONSTANT_CONVERSION = YES;
				CLANG_WARN_DIRECT_OBJC_ISA_USAGE = YES_ERROR;
				CLANG_WARN_EMPTY_BODY = YES;
				CLANG_WARN_ENUM_CONVERSION = YES;
				CLANG_WARN_INT_CONVERSION = YES;
				CLANG_WARN_OBJC_ROOT_CLASS = YES_ERROR;
				CLANG_WARN_UNREACHABLE_CODE = YES;
				CLANG_WARN__DUPLICATE_METHOD_MATCH = YES;
				"CODE_SIGN_IDENTITY[sdk=iphoneos*]" = "iPhone Developer";
				COPY_PHASE_STRIP = NO;
				DEBUG_INFORMATION_FORMAT = "dwarf-with-dsym";
				ENABLE_NS_ASSERTIONS = NO;
				ENABLE_STRICT_OBJC_MSGSEND = YES;
				GCC_C_LANGUAGE_STANDARD = gnu99;
				GCC_NO_COMMON_BLOCKS = YES;
				GCC_WARN_64_TO_32_BIT_CONVERSION = YES;
				GCC_WARN_ABOUT_RETURN_TYPE = YES_ERROR;
				GCC_WARN_UNDECLARED_SELECTOR = YES;
				GCC_WARN_UNINITIALIZED_AUTOS = YES_AGGRESSIVE;
				GCC_WARN_UNUSED_FUNCTION = YES;
				GCC_WARN_UNUSED_VARIABLE = YES;
				IPHONEOS_DEPLOYMENT_TARGET = 8.4;
				MTL_ENABLE_DEBUG_INFO = NO;
				SDKROOT = iphoneos;
				VALIDATE_PRODUCT = YES;
			};
			name = Release;
		};
		14D93C941B7D68F6007849DB /* Debug */ = {
			isa = XCBuildConfiguration;
			baseConfigurationReference = 479140A30CBE97A5D163CE10 /* Pods.debug.xcconfig */;
			buildSettings = {
				ASSETCATALOG_COMPILER_APPICON_NAME = AppIcon;
				INFOPLIST_FILE = SwiftRealmSample/Info.plist;
				LD_RUNPATH_SEARCH_PATHS = "$(inherited) @executable_path/Frameworks";
				PRODUCT_NAME = "$(TARGET_NAME)";
			};
			name = Debug;
		};
		14D93C951B7D68F6007849DB /* Release */ = {
			isa = XCBuildConfiguration;
			baseConfigurationReference = 7652B660E0E0AFF67A2CF97F /* Pods.release.xcconfig */;
			buildSettings = {
				ASSETCATALOG_COMPILER_APPICON_NAME = AppIcon;
				INFOPLIST_FILE = SwiftRealmSample/Info.plist;
				LD_RUNPATH_SEARCH_PATHS = "$(inherited) @executable_path/Frameworks";
				PRODUCT_NAME = "$(TARGET_NAME)";
			};
			name = Release;
		};
		14D93C971B7D68F6007849DB /* Debug */ = {
			isa = XCBuildConfiguration;
			buildSettings = {
				BUNDLE_LOADER = "$(TEST_HOST)";
				FRAMEWORK_SEARCH_PATHS = (
					"$(SDKROOT)/Developer/Library/Frameworks",
					"$(inherited)",
				);
				GCC_PREPROCESSOR_DEFINITIONS = (
					"DEBUG=1",
					"$(inherited)",
				);
				INFOPLIST_FILE = SwiftRealmSampleTests/Info.plist;
				LD_RUNPATH_SEARCH_PATHS = "$(inherited) @executable_path/Frameworks @loader_path/Frameworks";
				PRODUCT_NAME = "$(TARGET_NAME)";
				TEST_HOST = "$(BUILT_PRODUCTS_DIR)/SwiftRealmSample.app/SwiftRealmSample";
			};
			name = Debug;
		};
		14D93C981B7D68F6007849DB /* Release */ = {
			isa = XCBuildConfiguration;
			buildSettings = {
				BUNDLE_LOADER = "$(TEST_HOST)";
				FRAMEWORK_SEARCH_PATHS = (
					"$(SDKROOT)/Developer/Library/Frameworks",
					"$(inherited)",
				);
				INFOPLIST_FILE = SwiftRealmSampleTests/Info.plist;
				LD_RUNPATH_SEARCH_PATHS = "$(inherited) @executable_path/Frameworks @loader_path/Frameworks";
				PRODUCT_NAME = "$(TARGET_NAME)";
				TEST_HOST = "$(BUILT_PRODUCTS_DIR)/SwiftRealmSample.app/SwiftRealmSample";
			};
			name = Release;
		};
/* End XCBuildConfiguration section */

/* Begin XCConfigurationList section */
		14D93C6F1B7D68F6007849DB /* Build configuration list for PBXProject "SwiftRealmSample" */ = {
			isa = XCConfigurationList;
			buildConfigurations = (
				14D93C911B7D68F6007849DB /* Debug */,
				14D93C921B7D68F6007849DB /* Release */,
			);
			defaultConfigurationIsVisible = 0;
			defaultConfigurationName = Release;
		};
		14D93C931B7D68F6007849DB /* Build configuration list for PBXNativeTarget "SwiftRealmSample" */ = {
			isa = XCConfigurationList;
			buildConfigurations = (
				14D93C941B7D68F6007849DB /* Debug */,
				14D93C951B7D68F6007849DB /* Release */,
			);
			defaultConfigurationIsVisible = 0;
			defaultConfigurationName = Release;
		};
		14D93C961B7D68F6007849DB /* Build configuration list for PBXNativeTarget "SwiftRealmSampleTests" */ = {
			isa = XCConfigurationList;
			buildConfigurations = (
				14D93C971B7D68F6007849DB /* Debug */,
				14D93C981B7D68F6007849DB /* Release */,
			);
			defaultConfigurationIsVisible = 0;
			defaultConfigurationName = Release;
		};
/* End XCConfigurationList section */
	};
	rootObject = 14D93C6C1B7D68F6007849DB /* Project object */;
}
