// !$*UTF8*$!
{
	archiveVersion = 1;
	classes = {
	};
	objectVersion = 46;
	objects = {

/* Begin PBXBuildFile section */
		F68A73151B270E1E0073A611 /* main.m in Sources */ = {isa = PBXBuildFile; fileRef = F68A73141B270E1E0073A611 /* main.m */; };
		F68A73181B270E1E0073A611 /* AppDelegate.m in Sources */ = {isa = PBXBuildFile; fileRef = F68A73171B270E1E0073A611 /* AppDelegate.m */; };
		F68A731B1B270E1E0073A611 /* ViewController.m in Sources */ = {isa = PBXBuildFile; fileRef = F68A731A1B270E1E0073A611 /* ViewController.m */; };
		F68A73201B270E1E0073A611 /* Images.xcassets in Resources */ = {isa = PBXBuildFile; fileRef = F68A731F1B270E1E0073A611 /* Images.xcassets */; };
		F68A73231B270E1E0073A611 /* LaunchScreen.xib in Resources */ = {isa = PBXBuildFile; fileRef = F68A73211B270E1E0073A611 /* LaunchScreen.xib */; };
		F68A732F1B270E1E0073A611 /* sampleProjTests.m in Sources */ = {isa = PBXBuildFile; fileRef = F68A732E1B270E1E0073A611 /* sampleProjTests.m */; };
		F6EE640F1B2AC5A40057976A /* AMoAdLayoutConstraint.m in Sources */ = {isa = PBXBuildFile; fileRef = F6EE640E1B2AC5A40057976A /* AMoAdLayoutConstraint.m */; };
		F6EE644C1B2FB1120057976A /* AMoAdLayout.m in Sources */ = {isa = PBXBuildFile; fileRef = F6EE644B1B2FB1120057976A /* AMoAdLayout.m */; };
/* End PBXBuildFile section */

/* Begin PBXContainerItemProxy section */
		F68A73291B270E1E0073A611 /* PBXContainerItemProxy */ = {
			isa = PBXContainerItemProxy;
			containerPortal = F68A73071B270E1E0073A611 /* Project object */;
			proxyType = 1;
			remoteGlobalIDString = F68A730E1B270E1E0073A611;
			remoteInfo = sampleProj;
		};
/* End PBXContainerItemProxy section */

/* Begin PBXFileReference section */
		F68A730F1B270E1E0073A611 /* sampleProj.app */ = {isa = PBXFileReference; explicitFileType = wrapper.application; includeInIndex = 0; path = sampleProj.app; sourceTree = BUILT_PRODUCTS_DIR; };
		F68A73131B270E1E0073A611 /* Info.plist */ = {isa = PBXFileReference; lastKnownFileType = text.plist.xml; path = Info.plist; sourceTree = "<group>"; };
		F68A73141B270E1E0073A611 /* main.m */ = {isa = PBXFileReference; lastKnownFileType = sourcecode.c.objc; path = main.m; sourceTree = "<group>"; };
		F68A73161B270E1E0073A611 /* AppDelegate.h */ = {isa = PBXFileReference; lastKnownFileType = sourcecode.c.h; path = AppDelegate.h; sourceTree = "<group>"; };
		F68A73171B270E1E0073A611 /* AppDelegate.m */ = {isa = PBXFileReference; lastKnownFileType = sourcecode.c.objc; path = AppDelegate.m; sourceTree = "<group>"; };
		F68A73191B270E1E0073A611 /* ViewController.h */ = {isa = PBXFileReference; lastKnownFileType = sourcecode.c.h; path = ViewController.h; sourceTree = "<group>"; };
		F68A731A1B270E1E0073A611 /* ViewController.m */ = {isa = PBXFileReference; lastKnownFileType = sourcecode.c.objc; path = ViewController.m; sourceTree = "<group>"; };
		F68A731F1B270E1E0073A611 /* Images.xcassets */ = {isa = PBXFileReference; lastKnownFileType = folder.assetcatalog; path = Images.xcassets; sourceTree = "<group>"; };
		F68A73221B270E1E0073A611 /* Base */ = {isa = PBXFileReference; lastKnownFileType = file.xib; name = Base; path = Base.lproj/LaunchScreen.xib; sourceTree = "<group>"; };
		F68A73281B270E1E0073A611 /* sampleProjTests.xctest */ = {isa = PBXFileReference; explicitFileType = wrapper.cfbundle; includeInIndex = 0; path = sampleProjTests.xctest; sourceTree = BUILT_PRODUCTS_DIR; };
		F68A732D1B270E1E0073A611 /* Info.plist */ = {isa = PBXFileReference; lastKnownFileType = text.plist.xml; path = Info.plist; sourceTree = "<group>"; };
		F68A732E1B270E1E0073A611 /* sampleProjTests.m */ = {isa = PBXFileReference; lastKnownFileType = sourcecode.c.objc; path = sampleProjTests.m; sourceTree = "<group>"; };
		F6EE640D1B2AC5A40057976A /* AMoAdLayoutConstraint.h */ = {isa = PBXFileReference; fileEncoding = 4; lastKnownFileType = sourcecode.c.h; path = AMoAdLayoutConstraint.h; sourceTree = "<group>"; };
		F6EE640E1B2AC5A40057976A /* AMoAdLayoutConstraint.m */ = {isa = PBXFileReference; fileEncoding = 4; lastKnownFileType = sourcecode.c.objc; path = AMoAdLayoutConstraint.m; sourceTree = "<group>"; };
		F6EE644A1B2FB1120057976A /* AMoAdLayout.h */ = {isa = PBXFileReference; fileEncoding = 4; lastKnownFileType = sourcecode.c.h; path = AMoAdLayout.h; sourceTree = "<group>"; };
		F6EE644B1B2FB1120057976A /* AMoAdLayout.m */ = {isa = PBXFileReference; fileEncoding = 4; lastKnownFileType = sourcecode.c.objc; path = AMoAdLayout.m; sourceTree = "<group>"; };
/* End PBXFileReference section */

/* Begin PBXFrameworksBuildPhase section */
		F68A730C1B270E1E0073A611 /* Frameworks */ = {
			isa = PBXFrameworksBuildPhase;
			buildActionMask = 2147483647;
			files = (
			);
			runOnlyForDeploymentPostprocessing = 0;
		};
		F68A73251B270E1E0073A611 /* Frameworks */ = {
			isa = PBXFrameworksBuildPhase;
			buildActionMask = 2147483647;
			files = (
			);
			runOnlyForDeploymentPostprocessing = 0;
		};
/* End PBXFrameworksBuildPhase section */

/* Begin PBXGroup section */
		F68A73061B270E1E0073A611 = {
			isa = PBXGroup;
			children = (
				F68A73111B270E1E0073A611 /* sampleProj */,
				F68A732B1B270E1E0073A611 /* sampleProjTests */,
				F68A73101B270E1E0073A611 /* Products */,
			);
			sourceTree = "<group>";
		};
		F68A73101B270E1E0073A611 /* Products */ = {
			isa = PBXGroup;
			children = (
				F68A730F1B270E1E0073A611 /* sampleProj.app */,
				F68A73281B270E1E0073A611 /* sampleProjTests.xctest */,
			);
			name = Products;
			sourceTree = "<group>";
		};
		F68A73111B270E1E0073A611 /* sampleProj */ = {
			isa = PBXGroup;
			children = (
				F68A73161B270E1E0073A611 /* AppDelegate.h */,
				F68A73171B270E1E0073A611 /* AppDelegate.m */,
				F68A73191B270E1E0073A611 /* ViewController.h */,
				F68A731A1B270E1E0073A611 /* ViewController.m */,
				F68A731F1B270E1E0073A611 /* Images.xcassets */,
				F68A73211B270E1E0073A611 /* LaunchScreen.xib */,
				F68A73121B270E1E0073A611 /* Supporting Files */,
				F6EE640D1B2AC5A40057976A /* AMoAdLayoutConstraint.h */,
				F6EE640E1B2AC5A40057976A /* AMoAdLayoutConstraint.m */,
				F6EE644A1B2FB1120057976A /* AMoAdLayout.h */,
				F6EE644B1B2FB1120057976A /* AMoAdLayout.m */,
			);
			path = sampleProj;
			sourceTree = "<group>";
		};
		F68A73121B270E1E0073A611 /* Supporting Files */ = {
			isa = PBXGroup;
			children = (
				F68A73131B270E1E0073A611 /* Info.plist */,
				F68A73141B270E1E0073A611 /* main.m */,
			);
			name = "Supporting Files";
			sourceTree = "<group>";
		};
		F68A732B1B270E1E0073A611 /* sampleProjTests */ = {
			isa = PBXGroup;
			children = (
				F68A732E1B270E1E0073A611 /* sampleProjTests.m */,
				F68A732C1B270E1E0073A611 /* Supporting Files */,
			);
			path = sampleProjTests;
			sourceTree = "<group>";
		};
		F68A732C1B270E1E0073A611 /* Supporting Files */ = {
			isa = PBXGroup;
			children = (
				F68A732D1B270E1E0073A611 /* Info.plist */,
			);
			name = "Supporting Files";
			sourceTree = "<group>";
		};
/* End PBXGroup section */

/* Begin PBXNativeTarget section */
		F68A730E1B270E1E0073A611 /* sampleProj */ = {
			isa = PBXNativeTarget;
			buildConfigurationList = F68A73321B270E1E0073A611 /* Build configuration list for PBXNativeTarget "sampleProj" */;
			buildPhases = (
				F68A730B1B270E1E0073A611 /* Sources */,
				F68A730C1B270E1E0073A611 /* Frameworks */,
				F68A730D1B270E1E0073A611 /* Resources */,
			);
			buildRules = (
			);
			dependencies = (
			);
			name = sampleProj;
			productName = sampleProj;
			productReference = F68A730F1B270E1E0073A611 /* sampleProj.app */;
			productType = "com.apple.product-type.application";
		};
		F68A73271B270E1E0073A611 /* sampleProjTests */ = {
			isa = PBXNativeTarget;
			buildConfigurationList = F68A73351B270E1E0073A611 /* Build configuration list for PBXNativeTarget "sampleProjTests" */;
			buildPhases = (
				F68A73241B270E1E0073A611 /* Sources */,
				F68A73251B270E1E0073A611 /* Frameworks */,
				F68A73261B270E1E0073A611 /* Resources */,
			);
			buildRules = (
			);
			dependencies = (
				F68A732A1B270E1E0073A611 /* PBXTargetDependency */,
			);
			name = sampleProjTests;
			productName = sampleProjTests;
			productReference = F68A73281B270E1E0073A611 /* sampleProjTests.xctest */;
			productType = "com.apple.product-type.bundle.unit-test";
		};
/* End PBXNativeTarget section */

/* Begin PBXProject section */
		F68A73071B270E1E0073A611 /* Project object */ = {
			isa = PBXProject;
			attributes = {
				LastUpgradeCheck = 0630;
				ORGANIZATIONNAME = "島田 武史";
				TargetAttributes = {
					F68A730E1B270E1E0073A611 = {
						CreatedOnToolsVersion = 6.3.2;
					};
					F68A73271B270E1E0073A611 = {
						CreatedOnToolsVersion = 6.3.2;
						TestTargetID = F68A730E1B270E1E0073A611;
					};
				};
			};
			buildConfigurationList = F68A730A1B270E1E0073A611 /* Build configuration list for PBXProject "sampleProj" */;
			compatibilityVersion = "Xcode 3.2";
			developmentRegion = English;
			hasScannedForEncodings = 0;
			knownRegions = (
				en,
				Base,
			);
			mainGroup = F68A73061B270E1E0073A611;
			productRefGroup = F68A73101B270E1E0073A611 /* Products */;
			projectDirPath = "";
			projectRoot = "";
			targets = (
				F68A730E1B270E1E0073A611 /* sampleProj */,
				F68A73271B270E1E0073A611 /* sampleProjTests */,
			);
		};
/* End PBXProject section */

/* Begin PBXResourcesBuildPhase section */
		F68A730D1B270E1E0073A611 /* Resources */ = {
			isa = PBXResourcesBuildPhase;
			buildActionMask = 2147483647;
			files = (
				F68A73231B270E1E0073A611 /* LaunchScreen.xib in Resources */,
				F68A73201B270E1E0073A611 /* Images.xcassets in Resources */,
			);
			runOnlyForDeploymentPostprocessing = 0;
		};
		F68A73261B270E1E0073A611 /* Resources */ = {
			isa = PBXResourcesBuildPhase;
			buildActionMask = 2147483647;
			files = (
			);
			runOnlyForDeploymentPostprocessing = 0;
		};
/* End PBXResourcesBuildPhase section */

/* Begin PBXSourcesBuildPhase section */
		F68A730B1B270E1E0073A611 /* Sources */ = {
			isa = PBXSourcesBuildPhase;
			buildActionMask = 2147483647;
			files = (
				F6EE644C1B2FB1120057976A /* AMoAdLayout.m in Sources */,
				F6EE640F1B2AC5A40057976A /* AMoAdLayoutConstraint.m in Sources */,
				F68A731B1B270E1E0073A611 /* ViewController.m in Sources */,
				F68A73181B270E1E0073A611 /* AppDelegate.m in Sources */,
				F68A73151B270E1E0073A611 /* main.m in Sources */,
			);
			runOnlyForDeploymentPostprocessing = 0;
		};
		F68A73241B270E1E0073A611 /* Sources */ = {
			isa = PBXSourcesBuildPhase;
			buildActionMask = 2147483647;
			files = (
				F68A732F1B270E1E0073A611 /* sampleProjTests.m in Sources */,
			);
			runOnlyForDeploymentPostprocessing = 0;
		};
/* End PBXSourcesBuildPhase section */

/* Begin PBXTargetDependency section */
		F68A732A1B270E1E0073A611 /* PBXTargetDependency */ = {
			isa = PBXTargetDependency;
			target = F68A730E1B270E1E0073A611 /* sampleProj */;
			targetProxy = F68A73291B270E1E0073A611 /* PBXContainerItemProxy */;
		};
/* End PBXTargetDependency section */

/* Begin PBXVariantGroup section */
		F68A73211B270E1E0073A611 /* LaunchScreen.xib */ = {
			isa = PBXVariantGroup;
			children = (
				F68A73221B270E1E0073A611 /* Base */,
			);
			name = LaunchScreen.xib;
			sourceTree = "<group>";
		};
/* End PBXVariantGroup section */

/* Begin XCBuildConfiguration section */
		F68A73301B270E1E0073A611 /* Debug */ = {
			isa = XCBuildConfiguration;
			buildSettings = {
				ALWAYS_SEARCH_USER_PATHS = NO;
				CLANG_CXX_LANGUAGE_STANDARD = "gnu++0x";
				CLANG_CXX_LIBRARY = "libc++";
				CLANG_ENABLE_MODULES = YES;
				CLANG_ENABLE_OBJC_ARC = YES;
				CLANG_WARN_BOOL_CONVERSION = YES;
				CLANG_WARN_CONSTANT_CONVERSION = YES;
				CLANG_WARN_DIRECT_OBJC_ISA_USAGE = YES_ERROR;
				CLANG_WARN_EMPTY_BODY = YES;
				CLANG_WARN_ENUM_CONVERSION = YES;
				CLANG_WARN_INT_CONVERSION = YES;
				CLANG_WARN_OBJC_ROOT_CLASS = YES_ERROR;
				CLANG_WARN_UNREACHABLE_CODE = YES;
				CLANG_WARN__DUPLICATE_METHOD_MATCH = YES;
				"CODE_SIGN_IDENTITY[sdk=iphoneos*]" = "iPhone Developer";
				COPY_PHASE_STRIP = NO;
				DEBUG_INFORMATION_FORMAT = "dwarf-with-dsym";
				ENABLE_STRICT_OBJC_MSGSEND = YES;
				GCC_C_LANGUAGE_STANDARD = gnu99;
				GCC_DYNAMIC_NO_PIC = NO;
				GCC_NO_COMMON_BLOCKS = YES;
				GCC_OPTIMIZATION_LEVEL = 0;
				GCC_PREPROCESSOR_DEFINITIONS = (
					"DEBUG=1",
					"$(inherited)",
				);
				GCC_SYMBOLS_PRIVATE_EXTERN = NO;
				GCC_WARN_64_TO_32_BIT_CONVERSION = YES;
				GCC_WARN_ABOUT_RETURN_TYPE = YES_ERROR;
				GCC_WARN_UNDECLARED_SELECTOR = YES;
				GCC_WARN_UNINITIALIZED_AUTOS = YES_AGGRESSIVE;
				GCC_WARN_UNUSED_FUNCTION = YES;
				GCC_WARN_UNUSED_VARIABLE = YES;
				IPHONEOS_DEPLOYMENT_TARGET = 8.3;
				MTL_ENABLE_DEBUG_INFO = YES;
				ONLY_ACTIVE_ARCH = YES;
				SDKROOT = iphoneos;
				TARGETED_DEVICE_FAMILY = "1,2";
			};
			name = Debug;
		};
		F68A73311B270E1E0073A611 /* Release */ = {
			isa = XCBuildConfiguration;
			buildSettings = {
				ALWAYS_SEARCH_USER_PATHS = NO;
				CLANG_CXX_LANGUAGE_STANDARD = "gnu++0x";
				CLANG_CXX_LIBRARY = "libc++";
				CLANG_ENABLE_MODULES = YES;
				CLANG_ENABLE_OBJC_ARC = YES;
				CLANG_WARN_BOOL_CONVERSION = YES;
				CLANG_WARN_CONSTANT_CONVERSION = YES;
				CLANG_WARN_DIRECT_OBJC_ISA_USAGE = YES_ERROR;
				CLANG_WARN_EMPTY_BODY = YES;
				CLANG_WARN_ENUM_CONVERSION = YES;
				CLANG_WARN_INT_CONVERSION = YES;
				CLANG_WARN_OBJC_ROOT_CLASS = YES_ERROR;
				CLANG_WARN_UNREACHABLE_CODE = YES;
				CLANG_WARN__DUPLICATE_METHOD_MATCH = YES;
				"CODE_SIGN_IDENTITY[sdk=iphoneos*]" = "iPhone Developer";
				COPY_PHASE_STRIP = NO;
				DEBUG_INFORMATION_FORMAT = "dwarf-with-dsym";
				ENABLE_NS_ASSERTIONS = NO;
				ENABLE_STRICT_OBJC_MSGSEND = YES;
				GCC_C_LANGUAGE_STANDARD = gnu99;
				GCC_NO_COMMON_BLOCKS = YES;
				GCC_WARN_64_TO_32_BIT_CONVERSION = YES;
				GCC_WARN_ABOUT_RETURN_TYPE = YES_ERROR;
				GCC_WARN_UNDECLARED_SELECTOR = YES;
				GCC_WARN_UNINITIALIZED_AUTOS = YES_AGGRESSIVE;
				GCC_WARN_UNUSED_FUNCTION = YES;
				GCC_WARN_UNUSED_VARIABLE = YES;
				IPHONEOS_DEPLOYMENT_TARGET = 8.3;
				MTL_ENABLE_DEBUG_INFO = NO;
				SDKROOT = iphoneos;
				TARGETED_DEVICE_FAMILY = "1,2";
				VALIDATE_PRODUCT = YES;
			};
			name = Release;
		};
		F68A73331B270E1E0073A611 /* Debug */ = {
			isa = XCBuildConfiguration;
			buildSettings = {
				ASSETCATALOG_COMPILER_APPICON_NAME = AppIcon;
				INFOPLIST_FILE = sampleProj/Info.plist;
				LD_RUNPATH_SEARCH_PATHS = "$(inherited) @executable_path/Frameworks";
				PRODUCT_NAME = "$(TARGET_NAME)";
			};
			name = Debug;
		};
		F68A73341B270E1E0073A611 /* Release */ = {
			isa = XCBuildConfiguration;
			buildSettings = {
				ASSETCATALOG_COMPILER_APPICON_NAME = AppIcon;
				INFOPLIST_FILE = sampleProj/Info.plist;
				LD_RUNPATH_SEARCH_PATHS = "$(inherited) @executable_path/Frameworks";
				PRODUCT_NAME = "$(TARGET_NAME)";
			};
			name = Release;
		};
		F68A73361B270E1E0073A611 /* Debug */ = {
			isa = XCBuildConfiguration;
			buildSettings = {
				BUNDLE_LOADER = "$(TEST_HOST)";
				FRAMEWORK_SEARCH_PATHS = (
					"$(SDKROOT)/Developer/Library/Frameworks",
					"$(inherited)",
				);
				GCC_PREPROCESSOR_DEFINITIONS = (
					"DEBUG=1",
					"$(inherited)",
				);
				INFOPLIST_FILE = sampleProjTests/Info.plist;
				LD_RUNPATH_SEARCH_PATHS = "$(inherited) @executable_path/Frameworks @loader_path/Frameworks";
				PRODUCT_NAME = "$(TARGET_NAME)";
				TEST_HOST = "$(BUILT_PRODUCTS_DIR)/sampleProj.app/sampleProj";
			};
			name = Debug;
		};
		F68A73371B270E1E0073A611 /* Release */ = {
			isa = XCBuildConfiguration;
			buildSettings = {
				BUNDLE_LOADER = "$(TEST_HOST)";
				FRAMEWORK_SEARCH_PATHS = (
					"$(SDKROOT)/Developer/Library/Frameworks",
					"$(inherited)",
				);
				INFOPLIST_FILE = sampleProjTests/Info.plist;
				LD_RUNPATH_SEARCH_PATHS = "$(inherited) @executable_path/Frameworks @loader_path/Frameworks";
				PRODUCT_NAME = "$(TARGET_NAME)";
				TEST_HOST = "$(BUILT_PRODUCTS_DIR)/sampleProj.app/sampleProj";
			};
			name = Release;
		};
/* End XCBuildConfiguration section */

/* Begin XCConfigurationList section */
		F68A730A1B270E1E0073A611 /* Build configuration list for PBXProject "sampleProj" */ = {
			isa = XCConfigurationList;
			buildConfigurations = (
				F68A73301B270E1E0073A611 /* Debug */,
				F68A73311B270E1E0073A611 /* Release */,
			);
			defaultConfigurationIsVisible = 0;
			defaultConfigurationName = Release;
		};
		F68A73321B270E1E0073A611 /* Build configuration list for PBXNativeTarget "sampleProj" */ = {
			isa = XCConfigurationList;
			buildConfigurations = (
				F68A73331B270E1E0073A611 /* Debug */,
				F68A73341B270E1E0073A611 /* Release */,
			);
			defaultConfigurationIsVisible = 0;
			defaultConfigurationName = Release;
		};
		F68A73351B270E1E0073A611 /* Build configuration list for PBXNativeTarget "sampleProjTests" */ = {
			isa = XCConfigurationList;
			buildConfigurations = (
				F68A73361B270E1E0073A611 /* Debug */,
				F68A73371B270E1E0073A611 /* Release */,
			);
			defaultConfigurationIsVisible = 0;
			defaultConfigurationName = Release;
		};
/* End XCConfigurationList section */
	};
	rootObject = F68A73071B270E1E0073A611 /* Project object */;
}
